{
  "format": 1,
  "packages": [
    {
      "commit": "fafa2cea97d0cb379d832086ba45a989fa6f9c8e",
      "dependencies": {},
      "id": "p5a77c9c35110e925",
      "name": "raylib",
      "ref": "fafa2cea97d0cb379d832086ba45a989fa6f9c8e",
      "source": true,
      "url": "https://github.com/raysan5/raylib.git"
    },
    {
      "commit": "f7d0e1c0f2ae6cf136301b19d1c33b953e03f83f",
      "dependencies": {"raylib": "p5a77c9c35110e925"},
      "id": "p81b7ac501118ea16",
      "name": "kryon",
      "ref": "master",
      "url": "https://github.com/kryonlabs/kryon.git"
    }
  ],
  "root": {
    "dependencies": {"kryon": "p81b7ac501118ea16"},
    "name": "t9"
  },
  "toolchain": {
    "commit": "86b31482e8492410fe857b869fb5c42b3a5a49ab",
    "ref": "master",
    "url": "https://github.com/ziranlang/ziran.git"
  }
}
