{
  "format": 1,
  "packages": [
    {
      "commit": "a752b9767b2e44b6c41aad6cfcfb0fe196290cc2",
      "dependencies": {"raylib": "p5a77c9c35110e925"},
      "id": "p292dc6297cca7af2",
      "name": "kryon",
      "ref": "master",
      "url": "https://github.com/kryonlabs/kryon.git"
    },
    {
      "commit": "fafa2cea97d0cb379d832086ba45a989fa6f9c8e",
      "dependencies": {},
      "id": "p5a77c9c35110e925",
      "name": "raylib",
      "ref": "fafa2cea97d0cb379d832086ba45a989fa6f9c8e",
      "source": true,
      "url": "https://github.com/raysan5/raylib.git"
    }
  ],
  "root": {
    "dependencies": {"kryon": "p292dc6297cca7af2"},
    "name": "t9"
  },
  "toolchain": {
    "commit": "83e2558860b46b196175bb8a0342326017316e4f",
    "ref": "master",
    "url": "https://github.com/ziranlang/ziran.git"
  }
}
