{
  "format": 1,
  "packages": [
    {
      "commit": "5073c3f26c62169ad8db99bd32996c223373c0e6",
      "dependencies": {"raylib": "p5a77c9c35110e925"},
      "id": "p0a762877fd0425c7",
      "name": "kryon",
      "ref": "master",
      "url": "https://github.com/kryonlabs/kryon.git"
    },
    {
      "commit": "fafa2cea97d0cb379d832086ba45a989fa6f9c8e",
      "dependencies": {},
      "id": "p5a77c9c35110e925",
      "name": "raylib",
      "ref": "fafa2cea97d0cb379d832086ba45a989fa6f9c8e",
      "source": true,
      "url": "https://github.com/raysan5/raylib.git"
    }
  ],
  "root": {
    "dependencies": {"kryon": "p0a762877fd0425c7"},
    "name": "t9"
  },
  "toolchain": {
    "commit": "3c8239bd257dee0e1a996d9daf747a7c48937f76",
    "ref": "master",
    "url": "https://github.com/ziranlang/ziran.git"
  }
}
